{
    "_readme": [
        "This file locks the dependencies of your project to a known state",
        "Read more about it at https://getcomposer.org/doc/01-basic-usage.md#installing-dependencies",
        "This file is @generated automatically"
    ],
    "content-hash": "ef9095b53a618cbca6d848d5a72dc858",
    "packages": [
        {
            "name": "laravel/serializable-closure",
            "version": "v1.3.3",
            "source": {
                "type": "git",
                "url": "https://github.com/laravel/serializable-closure.git",
                "reference": "3dbf8a8e914634c48d389c1234552666b3d43754"
            },
            "dist": {
                "type": "zip",
                "url": "https://api.github.com/repos/laravel/serializable-closure/zipball/3dbf8a8e914634c48d389c1234552666b3d43754",
                "reference": "3dbf8a8e914634c48d389c1234552666b3d43754",
                "shasum": ""
            },
            "require": {
                "php": "^7.3|^8.0"
            },
            "require-dev": {
                "nesbot/carbon": "^2.61",
                "pestphp/pest": "^1.21.3",
                "phpstan/phpstan": "^1.8.2",
                "symfony/var-dumper": "^5.4.11"
            },
            "type": "library",
            "extra": {
                "branch-alias": {
                    "dev-master": "1.x-dev"
                }
            },
            "autoload": {
                "psr-4": {
                    "Laravel\\SerializableClosure\\": "src/"
                }
            },
            "notification-url": "https://packagist.org/downloads/",
            "license": [
                "MIT"
            ],
            "authors": [
                {
                    "name": "Taylor Otwell",
                    "email": "taylor@laravel.com"
                },
                {
                    "name": "Nuno Maduro",
                    "email": "nuno@laravel.com"
                }
            ],
            "description": "Laravel Serializable Closure provides an easy and secure way to serialize closures in PHP.",
            "keywords": [
                "closure",
                "laravel",
                "serializable"
            ],
            "support": {
                "issues": "https://github.com/laravel/serializable-closure/issues",
                "source": "https://github.com/laravel/serializable-closure"
            },
            "time": "2023-11-08T14:08:06+00:00"
        },
        {
            "name": "spatie/async",
            "version": "1.6.1",
            "source": {
                "type": "git",
                "url": "https://github.com/spatie/async.git",
                "reference": "c270e692f6eabafb4312e1ecd44e062032785635"
            },
            "dist": {
                "type": "zip",
                "url": "https://api.github.com/repos/spatie/async/zipball/c270e692f6eabafb4312e1ecd44e062032785635",
                "reference": "c270e692f6eabafb4312e1ecd44e062032785635",
                "shasum": ""
            },
            "require": {
                "laravel/serializable-closure": "^1.0",
                "php": "^7.4|^8.0",
                "symfony/process": "^3.3 || ^4.0 || ^5.0 || ^6.0 || ^7.0"
            },
            "require-dev": {
                "larapack/dd": "^1.1",
                "phpunit/phpunit": "^7.5 || ^8.5.21 || ^9.0 || ^10.0",
                "symfony/stopwatch": "^4.0 || ^5.0 || ^6.0 || ^7.0"
            },
            "suggest": {
                "ext-pcntl": "Required to use async processes",
                "ext-posix": "Required to use async processes"
            },
            "type": "library",
            "autoload": {
                "files": [
                    "src/helpers.php"
                ],
                "psr-4": {
                    "Spatie\\Async\\": "src"
                }
            },
            "notification-url": "https://packagist.org/downloads/",
            "license": [
                "MIT"
            ],
            "authors": [
                {
                    "name": "Brent Roose",
                    "email": "brent@spatie.be",
                    "homepage": "https://spatie.be",
                    "role": "Developer"
                }
            ],
            "description": "Asynchronous and parallel PHP with the PCNTL extension",
            "homepage": "https://github.com/spatie/async",
            "keywords": [
                "async",
                "spatie"
            ],
            "support": {
                "issues": "https://github.com/spatie/async/issues",
                "source": "https://github.com/spatie/async/tree/1.6.1"
            },
            "funding": [
                {
                    "url": "https://github.com/spatie",
                    "type": "github"
                }
            ],
            "time": "2023-12-14T13:21:46+00:00"
        },
        {
            "name": "symfony/process",
            "version": "v6.4.8",
            "source": {
                "type": "git",
                "url": "https://github.com/symfony/process.git",
                "reference": "8d92dd79149f29e89ee0f480254db595f6a6a2c5"
            },
            "dist": {
                "type": "zip",
                "url": "https://api.github.com/repos/symfony/process/zipball/8d92dd79149f29e89ee0f480254db595f6a6a2c5",
                "reference": "8d92dd79149f29e89ee0f480254db595f6a6a2c5",
                "shasum": ""
            },
            "require": {
                "php": ">=8.1"
            },
            "type": "library",
            "autoload": {
                "psr-4": {
                    "Symfony\\Component\\Process\\": ""
                },
                "exclude-from-classmap": [
                    "/Tests/"
                ]
            },
            "notification-url": "https://packagist.org/downloads/",
            "license": [
                "MIT"
            ],
            "authors": [
                {
                    "name": "Fabien Potencier",
                    "email": "fabien@symfony.com"
                },
                {
                    "name": "Symfony Community",
                    "homepage": "https://symfony.com/contributors"
                }
            ],
            "description": "Executes commands in sub-processes",
            "homepage": "https://symfony.com",
            "support": {
                "source": "https://github.com/symfony/process/tree/v6.4.8"
            },
            "funding": [
                {
                    "url": "https://symfony.com/sponsor",
                    "type": "custom"
                },
                {
                    "url": "https://github.com/fabpot",
                    "type": "github"
                },
                {
                    "url": "https://tidelift.com/funding/github/packagist/symfony/symfony",
                    "type": "tidelift"
                }
            ],
            "time": "2024-05-31T14:49:08+00:00"
        }
    ],
    "packages-dev": [],
    "aliases": [],
    "minimum-stability": "stable",
    "stability-flags": [],
    "prefer-stable": false,
    "prefer-lowest": false,
    "platform": [],
    "platform-dev": [],
    "plugin-api-version": "2.6.0"
}
